{
  "name": "restart-aliyun-eci",
  "version": "1.0.0",
  "lockfileVersion": 2,
  "requires": true,
  "packages": {
    "": {
      "version": "1.0.0",
      "license": "MIT",
      "dependencies": {
        "@actions/core": "^1.5.0",
        "aliyun-sdk-node-request": "^0.2.2"
      }
    },
    "node_modules/@actions/core": {
      "version": "1.5.0",
      "integrity": "sha512-eDOLH1Nq9zh+PJlYLqEMkS/jLQxhksPNmUGNBHfa4G+tQmnIhzpctxmchETtVGyBOvXgOVVpYuE40+eS4cUnwQ=="
    },
    "node_modules/@types/node": {
      "version": "11.15.54",
      "integrity": "sha512-1RWYiq+5UfozGsU6MwJyFX6BtktcT10XRjvcAQmskCtMcW3tPske88lM/nHv7BQG1w9KBXI1zPGuu5PnNCX14g=="
    },
    "node_modules/aliyun-sdk-node-request": {
      "version": "0.2.2",
      "integrity": "sha512-QrQB9rN9rwZLfs5CD8WTzODzV1wERR/CU+YTEbkr7kEHQCQn21s+u3soaptdwq/3Xkj3VKBiWfR0/J+97x5AiA==",
      "dependencies": {
        "@types/node": "^11.11.3",
        "axios": "^0.18.0",
        "hmacsha1": "^1.0.0",
        "is-buffer": "^2.0.3",
        "promised-pipe": "^1.1.1",
        "utf8": "^3.0.0",
        "uuid": "^3.3.2"
      }
    },
    "node_modules/axios": {
      "version": "0.18.1",
      "integrity": "sha512-0BfJq4NSfQXd+SkFdrvFbG7addhYSBA2mQwISr46pD6E5iqkWg02RAs8vyTT/j0RTnoYmeXauBuSv1qKwR179g==",
      "deprecated": "Critical security vulnerability fixed in v0.21.1. For more information, see https://github.com/axios/axios/pull/3410",
      "dependencies": {
        "follow-redirects": "1.5.10",
        "is-buffer": "^2.0.2"
      }
    },
    "node_modules/debug": {
      "version": "3.1.0",
      "integrity": "sha512-OX8XqP7/1a9cqkxYw2yXss15f26NKWBpDXQd0/uK/KPqdQhxbPa994hnzjcE2VqQpDslf55723cKPUOGSmMY3g==",
      "dependencies": {
        "ms": "2.0.0"
      }
    },
    "node_modules/follow-redirects": {
      "version": "1.5.10",
      "integrity": "sha512-0V5l4Cizzvqt5D44aTXbFZz+FtyXV1vrDN6qrelxtfYQKW0KO0W2T/hkE8xvGa/540LkZlkaUjO4ailYTFtHVQ==",
      "dependencies": {
        "debug": "=3.1.0"
      },
      "engines": {
        "node": ">=4.0"
      }
    },
    "node_modules/hmacsha1": {
      "version": "1.0.0",
      "integrity": "sha1-wbeuA6TqEWNICQrxT4FIwSk4qRc="
    },
    "node_modules/is-buffer": {
      "version": "2.0.5",
      "integrity": "sha512-i2R6zNFDwgEHJyQUtJEk0XFi1i0dPFn/oqjK3/vPCcDeJvW5NQ83V8QbicfF1SupOaB0h8ntgBC2YiE7dfyctQ==",
      "funding": [
        {
          "type": "github",
          "url": "https://github.com/sponsors/feross"
        },
        {
          "type": "patreon",
          "url": "https://www.patreon.com/feross"
        },
        {
          "type": "consulting",
          "url": "https://feross.org/support"
        }
      ],
      "engines": {
        "node": ">=4"
      }
    },
    "node_modules/ms": {
      "version": "2.0.0",
      "integrity": "sha1-VgiurfwAvmwpAd9fmGF4jeDVl8g="
    },
    "node_modules/promised-pipe": {
      "version": "1.1.1",
      "integrity": "sha1-6kWs9nrLZXS6wWwsGTPOLTEAti8="
    },
    "node_modules/utf8": {
      "version": "3.0.0",
      "integrity": "sha512-E8VjFIQ/TyQgp+TZfS6l8yp/xWppSAHzidGiRrqe4bK4XP9pTRyKFgGJpO3SN7zdX4DeomTrwaseCHovfpFcqQ=="
    },
    "node_modules/uuid": {
      "version": "3.4.0",
      "integrity": "sha512-HjSDRw6gZE5JMggctHBcjVak08+KEVhSIiDzFnT9S9aegmp85S/bReBVTb4QTFaRNptJ9kuYaNhnbNEOkbKb/A==",
      "deprecated": "Please upgrade  to version 7 or higher.  Older versions may use Math.random() in certain circumstances, which is known to be problematic.  See https://v8.dev/blog/math-random for details.",
      "bin": {
        "uuid": "bin/uuid"
      }
    }
  },
  "dependencies": {
    "@actions/core": {
      "version": "1.5.0"
    },
    "@types/node": {
      "version": "11.15.54"
    },
    "aliyun-sdk-node-request": {
      "version": "0.2.2",
      "requires": {
        "@types/node": "^11.11.3",
        "axios": "^0.18.0",
        "hmacsha1": "^1.0.0",
        "is-buffer": "^2.0.3",
        "promised-pipe": "^1.1.1",
        "utf8": "^3.0.0",
        "uuid": "^3.3.2"
      }
    },
    "axios": {
      "version": "0.18.1",
      "requires": {
        "follow-redirects": "1.5.10",
        "is-buffer": "^2.0.2"
      }
    },
    "debug": {
      "version": "3.1.0",
      "requires": {
        "ms": "2.0.0"
      }
    },
    "follow-redirects": {
      "version": "1.5.10",
      "requires": {
        "debug": "=3.1.0"
      }
    },
    "hmacsha1": {
      "version": "1.0.0"
    },
    "is-buffer": {
      "version": "2.0.5"
    },
    "ms": {
      "version": "2.0.0"
    },
    "promised-pipe": {
      "version": "1.1.1"
    },
    "utf8": {
      "version": "3.0.0"
    },
    "uuid": {
      "version": "3.4.0"
    }
  }
}
